{
  "name": "tutlo-aneks-generator",
  "version": "0.1.0",
  "lockfileVersion": 3,
  "requires": true,
  "packages": {
    "": {
      "name": "tutlo-aneks-generator",
      "version": "0.1.0",
      "dependencies": {
        "docxtemplater": "3.62.0",
        "pizzip": "3.1.8"
      },
      "engines": {
        "node": ">=20"
      }
    },
    "node_modules/@xmldom/xmldom": {
      "version": "0.8.10",
      "resolved": "https://registry.npmjs.org/@xmldom/xmldom/-/xmldom-0.8.10.tgz"
    },
    "node_modules/docxtemplater": {
      "version": "3.62.0",
      "resolved": "https://registry.npmjs.org/docxtemplater/-/docxtemplater-3.62.0.tgz",
      "dependencies": {
        "@xmldom/xmldom": "^0.8.10"
      },
      "engines": {
        "node": ">=0.10"
      }
    },
    "node_modules/pako": {
      "version": "1.0.11",
      "resolved": "https://registry.npmjs.org/pako/-/pako-1.0.11.tgz"
    },
    "node_modules/pizzip": {
      "version": "3.1.8",
      "resolved": "https://registry.npmjs.org/pizzip/-/pizzip-3.1.8.tgz",
      "dependencies": {
        "pako": "~1.0.2"
      }
    }
  }
}
